
Microsoft Visual Studio Solution File, Format Version 12.00
# Visual Studio Version 17
VisualStudioVersion = 17.10.34916.146
MinimumVisualStudioVersion = 10.0.40219.1
Project("{9A19103F-16F7-4668-BE54-9A1E7A4F7556}") = "ApiGestionarTarea", "ApiGestionarTarea\ApiGestionarTarea.csproj", "{8E8696D3-55D9-4137-BDF8-1CAA97A1C262}"
EndProject
Project("{FAE04EC0-301F-11D3-BF4B-00C04F79EFBC}") = "Application", "Application\Application.csproj", "{DF17F2A5-65BF-4874-B224-7A6EB74DE8FD}"
EndProject
Project("{FAE04EC0-301F-11D3-BF4B-00C04F79EFBC}") = "Repositorio", "Repositorio\Repositorio.csproj", "{18DC6E9C-0948-4BB0-B34C-CC39F55CEBA5}"
EndProject
Global
	GlobalSection(SolutionConfigurationPlatforms) = preSolution
		Debug|Any CPU = Debug|Any CPU
		Release|Any CPU = Release|Any CPU
	EndGlobalSection
	GlobalSection(ProjectConfigurationPlatforms) = postSolution
		{8E8696D3-55D9-4137-BDF8-1CAA97A1C262}.Debug|Any CPU.ActiveCfg = Debug|Any CPU
		{8E8696D3-55D9-4137-BDF8-1CAA97A1C262}.Debug|Any CPU.Build.0 = Debug|Any CPU
		{8E8696D3-55D9-4137-BDF8-1CAA97A1C262}.Release|Any CPU.ActiveCfg = Release|Any CPU
		{8E8696D3-55D9-4137-BDF8-1CAA97A1C262}.Release|Any CPU.Build.0 = Release|Any CPU
		{DF17F2A5-65BF-4874-B224-7A6EB74DE8FD}.Debug|Any CPU.ActiveCfg = Debug|Any CPU
		{DF17F2A5-65BF-4874-B224-7A6EB74DE8FD}.Debug|Any CPU.Build.0 = Debug|Any CPU
		{DF17F2A5-65BF-4874-B224-7A6EB74DE8FD}.Release|Any CPU.ActiveCfg = Release|Any CPU
		{DF17F2A5-65BF-4874-B224-7A6EB74DE8FD}.Release|Any CPU.Build.0 = Release|Any CPU
		{18DC6E9C-0948-4BB0-B34C-CC39F55CEBA5}.Debug|Any CPU.ActiveCfg = Debug|Any CPU
		{18DC6E9C-0948-4BB0-B34C-CC39F55CEBA5}.Debug|Any CPU.Build.0 = Debug|Any CPU
		{18DC6E9C-0948-4BB0-B34C-CC39F55CEBA5}.Release|Any CPU.ActiveCfg = Release|Any CPU
		{18DC6E9C-0948-4BB0-B34C-CC39F55CEBA5}.Release|Any CPU.Build.0 = Release|Any CPU
	EndGlobalSection
	GlobalSection(SolutionProperties) = preSolution
		HideSolutionNode = FALSE
	EndGlobalSection
	GlobalSection(ExtensibilityGlobals) = postSolution
		SolutionGuid = {F6057285-8822-4531-9E09-4D5C932B924A}
	EndGlobalSection
EndGlobal
